
Microsoft Visual Studio Solution File, Format Version 12.00
# Visual Studio Version 17
VisualStudioVersion = 17.7.34009.444
MinimumVisualStudioVersion = 10.0.40219.1
Project("{FAE04EC0-301F-11D3-BF4B-00C04F79EFBC}") = "WinFormsGott", "WinFormsGott\WinFormsGott.csproj", "{D9A4AF70-DF55-45D2-AC82-55E830A9E924}"
EndProject
Global
	GlobalSection(SolutionConfigurationPlatforms) = preSolution
		Debug|Any CPU = Debug|Any CPU
		Release|Any CPU = Release|Any CPU
	EndGlobalSection
	GlobalSection(ProjectConfigurationPlatforms) = postSolution
		{D9A4AF70-DF55-45D2-AC82-55E830A9E924}.Debug|Any CPU.ActiveCfg = Debug|Any CPU
		{D9A4AF70-DF55-45D2-AC82-55E830A9E924}.Debug|Any CPU.Build.0 = Debug|Any CPU
		{D9A4AF70-DF55-45D2-AC82-55E830A9E924}.Release|Any CPU.ActiveCfg = Release|Any CPU
		{D9A4AF70-DF55-45D2-AC82-55E830A9E924}.Release|Any CPU.Build.0 = Release|Any CPU
	EndGlobalSection
	GlobalSection(SolutionProperties) = preSolution
		HideSolutionNode = FALSE
	EndGlobalSection
	GlobalSection(ExtensibilityGlobals) = postSolution
		SolutionGuid = {D2BD8476-C7B1-458D-8E8B-C9D2ACF48F30}
	EndGlobalSection
EndGlobal
